
Microsoft Visual Studio Solution File, Format Version 12.00
# Visual Studio Version 17
VisualStudioVersion = 17.5.2.0
MinimumVisualStudioVersion = 10.0.40219.1
Project("{FAE04EC0-301F-11D3-BF4B-00C04F79EFBC}") = "Lg2", "Lg2\Lg2.csproj", "{6346DA52-627B-4E04-A069-29684DB9245E}"
EndProject
Project("{FAE04EC0-301F-11D3-BF4B-00C04F79EFBC}") = "Cli.Tests", "Cli.Tests\Cli.Tests.csproj", "{CAFD8904-D12B-42EA-AAA4-BCC8AD787506}"
EndProject
Project("{FAE04EC0-301F-11D3-BF4B-00C04F79EFBC}") = "Cli.Common", "Cli.Common\Cli.Common.csproj", "{916CDB68-3A86-4DA5-91E8-769E2398A7BB}"
EndProject
Project("{FAE04EC0-301F-11D3-BF4B-00C04F79EFBC}") = "Cli.Remote.Taut", "Cli.Remote.Taut\Cli.Remote.Taut.csproj", "{34A29D00-E559-44F3-B165-48B50BDA6556}"
EndProject
Project("{FAE04EC0-301F-11D3-BF4B-00C04F79EFBC}") = "Cli.Taut", "Cli.Taut\Cli.Taut.csproj", "{DF801BF8-8A05-4823-AA7A-869F6F6F2E5D}"
EndProject
Global
	GlobalSection(SolutionConfigurationPlatforms) = preSolution
		Debug|Any CPU = Debug|Any CPU
		Debug|x64 = Debug|x64
		Debug|x86 = Debug|x86
		Release|Any CPU = Release|Any CPU
		Release|x64 = Release|x64
		Release|x86 = Release|x86
	EndGlobalSection
	GlobalSection(ProjectConfigurationPlatforms) = postSolution
		{6346DA52-627B-4E04-A069-29684DB9245E}.Debug|Any CPU.ActiveCfg = Debug|Any CPU
		{6346DA52-627B-4E04-A069-29684DB9245E}.Debug|Any CPU.Build.0 = Debug|Any CPU
		{6346DA52-627B-4E04-A069-29684DB9245E}.Debug|x64.ActiveCfg = Debug|Any CPU
		{6346DA52-627B-4E04-A069-29684DB9245E}.Debug|x64.Build.0 = Debug|Any CPU
		{6346DA52-627B-4E04-A069-29684DB9245E}.Debug|x86.ActiveCfg = Debug|Any CPU
		{6346DA52-627B-4E04-A069-29684DB9245E}.Debug|x86.Build.0 = Debug|Any CPU
		{6346DA52-627B-4E04-A069-29684DB9245E}.Release|Any CPU.ActiveCfg = Release|Any CPU
		{6346DA52-627B-4E04-A069-29684DB9245E}.Release|Any CPU.Build.0 = Release|Any CPU
		{6346DA52-627B-4E04-A069-29684DB9245E}.Release|x64.ActiveCfg = Release|Any CPU
		{6346DA52-627B-4E04-A069-29684DB9245E}.Release|x64.Build.0 = Release|Any CPU
		{6346DA52-627B-4E04-A069-29684DB9245E}.Release|x86.ActiveCfg = Release|Any CPU
		{6346DA52-627B-4E04-A069-29684DB9245E}.Release|x86.Build.0 = Release|Any CPU
		{CAFD8904-D12B-42EA-AAA4-BCC8AD787506}.Debug|Any CPU.ActiveCfg = Debug|Any CPU
		{CAFD8904-D12B-42EA-AAA4-BCC8AD787506}.Debug|Any CPU.Build.0 = Debug|Any CPU
		{CAFD8904-D12B-42EA-AAA4-BCC8AD787506}.Debug|x64.ActiveCfg = Debug|Any CPU
		{CAFD8904-D12B-42EA-AAA4-BCC8AD787506}.Debug|x64.Build.0 = Debug|Any CPU
		{CAFD8904-D12B-42EA-AAA4-BCC8AD787506}.Debug|x86.ActiveCfg = Debug|Any CPU
		{CAFD8904-D12B-42EA-AAA4-BCC8AD787506}.Debug|x86.Build.0 = Debug|Any CPU
		{CAFD8904-D12B-42EA-AAA4-BCC8AD787506}.Release|Any CPU.ActiveCfg = Release|Any CPU
		{CAFD8904-D12B-42EA-AAA4-BCC8AD787506}.Release|Any CPU.Build.0 = Release|Any CPU
		{CAFD8904-D12B-42EA-AAA4-BCC8AD787506}.Release|x64.ActiveCfg = Release|Any CPU
		{CAFD8904-D12B-42EA-AAA4-BCC8AD787506}.Release|x64.Build.0 = Release|Any CPU
		{CAFD8904-D12B-42EA-AAA4-BCC8AD787506}.Release|x86.ActiveCfg = Release|Any CPU
		{CAFD8904-D12B-42EA-AAA4-BCC8AD787506}.Release|x86.Build.0 = Release|Any CPU
		{916CDB68-3A86-4DA5-91E8-769E2398A7BB}.Debug|Any CPU.ActiveCfg = Debug|Any CPU
		{916CDB68-3A86-4DA5-91E8-769E2398A7BB}.Debug|Any CPU.Build.0 = Debug|Any CPU
		{916CDB68-3A86-4DA5-91E8-769E2398A7BB}.Debug|x64.ActiveCfg = Debug|Any CPU
		{916CDB68-3A86-4DA5-91E8-769E2398A7BB}.Debug|x64.Build.0 = Debug|Any CPU
		{916CDB68-3A86-4DA5-91E8-769E2398A7BB}.Debug|x86.ActiveCfg = Debug|Any CPU
		{916CDB68-3A86-4DA5-91E8-769E2398A7BB}.Debug|x86.Build.0 = Debug|Any CPU
		{916CDB68-3A86-4DA5-91E8-769E2398A7BB}.Release|Any CPU.ActiveCfg = Release|Any CPU
		{916CDB68-3A86-4DA5-91E8-769E2398A7BB}.Release|Any CPU.Build.0 = Release|Any CPU
		{916CDB68-3A86-4DA5-91E8-769E2398A7BB}.Release|x64.ActiveCfg = Release|Any CPU
		{916CDB68-3A86-4DA5-91E8-769E2398A7BB}.Release|x64.Build.0 = Release|Any CPU
		{916CDB68-3A86-4DA5-91E8-769E2398A7BB}.Release|x86.ActiveCfg = Release|Any CPU
		{916CDB68-3A86-4DA5-91E8-769E2398A7BB}.Release|x86.Build.0 = Release|Any CPU
		{34A29D00-E559-44F3-B165-48B50BDA6556}.Debug|Any CPU.ActiveCfg = Debug|Any CPU
		{34A29D00-E559-44F3-B165-48B50BDA6556}.Debug|Any CPU.Build.0 = Debug|Any CPU
		{34A29D00-E559-44F3-B165-48B50BDA6556}.Debug|x64.ActiveCfg = Debug|Any CPU
		{34A29D00-E559-44F3-B165-48B50BDA6556}.Debug|x64.Build.0 = Debug|Any CPU
		{34A29D00-E559-44F3-B165-48B50BDA6556}.Debug|x86.ActiveCfg = Debug|Any CPU
		{34A29D00-E559-44F3-B165-48B50BDA6556}.Debug|x86.Build.0 = Debug|Any CPU
		{34A29D00-E559-44F3-B165-48B50BDA6556}.Release|Any CPU.ActiveCfg = Release|Any CPU
		{34A29D00-E559-44F3-B165-48B50BDA6556}.Release|Any CPU.Build.0 = Release|Any CPU
		{34A29D00-E559-44F3-B165-48B50BDA6556}.Release|x64.ActiveCfg = Release|Any CPU
		{34A29D00-E559-44F3-B165-48B50BDA6556}.Release|x64.Build.0 = Release|Any CPU
		{34A29D00-E559-44F3-B165-48B50BDA6556}.Release|x86.ActiveCfg = Release|Any CPU
		{34A29D00-E559-44F3-B165-48B50BDA6556}.Release|x86.Build.0 = Release|Any CPU
		{DF801BF8-8A05-4823-AA7A-869F6F6F2E5D}.Debug|Any CPU.ActiveCfg = Debug|Any CPU
		{DF801BF8-8A05-4823-AA7A-869F6F6F2E5D}.Debug|Any CPU.Build.0 = Debug|Any CPU
		{DF801BF8-8A05-4823-AA7A-869F6F6F2E5D}.Debug|x64.ActiveCfg = Debug|Any CPU
		{DF801BF8-8A05-4823-AA7A-869F6F6F2E5D}.Debug|x64.Build.0 = Debug|Any CPU
		{DF801BF8-8A05-4823-AA7A-869F6F6F2E5D}.Debug|x86.ActiveCfg = Debug|Any CPU
		{DF801BF8-8A05-4823-AA7A-869F6F6F2E5D}.Debug|x86.Build.0 = Debug|Any CPU
		{DF801BF8-8A05-4823-AA7A-869F6F6F2E5D}.Release|Any CPU.ActiveCfg = Release|Any CPU
		{DF801BF8-8A05-4823-AA7A-869F6F6F2E5D}.Release|Any CPU.Build.0 = Release|Any CPU
		{DF801BF8-8A05-4823-AA7A-869F6F6F2E5D}.Release|x64.ActiveCfg = Release|Any CPU
		{DF801BF8-8A05-4823-AA7A-869F6F6F2E5D}.Release|x64.Build.0 = Release|Any CPU
		{DF801BF8-8A05-4823-AA7A-869F6F6F2E5D}.Release|x86.ActiveCfg = Release|Any CPU
		{DF801BF8-8A05-4823-AA7A-869F6F6F2E5D}.Release|x86.Build.0 = Release|Any CPU
	EndGlobalSection
	GlobalSection(SolutionProperties) = preSolution
		HideSolutionNode = FALSE
	EndGlobalSection
	GlobalSection(ExtensibilityGlobals) = postSolution
		SolutionGuid = {6BE768B2-51F1-4DF0-9847-DA97464F8737}
	EndGlobalSection
EndGlobal
